// !$*UTF8*$!
{
	archiveVersion = 1;
	classes = {
	};
	objectVersion = 55;
	objects = {

/* Begin PBXBuildFile section */
		09A1F16027CD1378001ADED9 /* MatrixSwiftUIApp.swift in Sources */ = {isa = PBXBuildFile; fileRef = 09A1F15F27CD1378001ADED9 /* MatrixSwiftUIApp.swift */; };
		09A1F16227CD1378001ADED9 /* ContentView.swift in Sources */ = {isa = PBXBuildFile; fileRef = 09A1F16127CD1378001ADED9 /* ContentView.swift */; };
		09A1F16427CD137B001ADED9 /* Assets.xcassets in Resources */ = {isa = PBXBuildFile; fileRef = 09A1F16327CD137B001ADED9 /* Assets.xcassets */; };
		09A1F16727CD137B001ADED9 /* Preview Assets.xcassets in Resources */ = {isa = PBXBuildFile; fileRef = 09A1F16627CD137B001ADED9 /* Preview Assets.xcassets */; };
		09A1F17127CD137C001ADED9 /* MatrixSwiftUITests.swift in Sources */ = {isa = PBXBuildFile; fileRef = 09A1F17027CD137C001ADED9 /* MatrixSwiftUITests.swift */; };
		09A1F17B27CD137C001ADED9 /* MatrixSwiftUIUITests.swift in Sources */ = {isa = PBXBuildFile; fileRef = 09A1F17A27CD137C001ADED9 /* MatrixSwiftUIUITests.swift */; };
		09A1F17D27CD137C001ADED9 /* MatrixSwiftUIUITestsLaunchTests.swift in Sources */ = {isa = PBXBuildFile; fileRef = 09A1F17C27CD137C001ADED9 /* MatrixSwiftUIUITestsLaunchTests.swift */; };
/* End PBXBuildFile section */

/* Begin PBXContainerItemProxy section */
		09A1F16D27CD137C001ADED9 /* PBXContainerItemProxy */ = {
			isa = PBXContainerItemProxy;
			containerPortal = 09A1F15427CD1377001ADED9 /* Project object */;
			proxyType = 1;
			remoteGlobalIDString = 09A1F15B27CD1378001ADED9;
			remoteInfo = MatrixSwiftUI;
		};
		09A1F17727CD137C001ADED9 /* PBXContainerItemProxy */ = {
			isa = PBXContainerItemProxy;
			containerPortal = 09A1F15427CD1377001ADED9 /* Project object */;
			proxyType = 1;
			remoteGlobalIDString = 09A1F15B27CD1378001ADED9;
			remoteInfo = MatrixSwiftUI;
		};
/* End PBXContainerItemProxy section */

/* Begin PBXFileReference section */
		09A1F15C27CD1378001ADED9 /* MatrixSwiftUI.app */ = {isa = PBXFileReference; explicitFileType = wrapper.application; includeInIndex = 0; path = MatrixSwiftUI.app; sourceTree = BUILT_PRODUCTS_DIR; };
		09A1F15F27CD1378001ADED9 /* MatrixSwiftUIApp.swift */ = {isa = PBXFileReference; lastKnownFileType = sourcecode.swift; path = MatrixSwiftUIApp.swift; sourceTree = "<group>"; };
		09A1F16127CD1378001ADED9 /* ContentView.swift */ = {isa = PBXFileReference; lastKnownFileType = sourcecode.swift; path = ContentView.swift; sourceTree = "<group>"; };
		09A1F16327CD137B001ADED9 /* Assets.xcassets */ = {isa = PBXFileReference; lastKnownFileType = folder.assetcatalog; path = Assets.xcassets; sourceTree = "<group>"; };
		09A1F16627CD137B001ADED9 /* Preview Assets.xcassets */ = {isa = PBXFileReference; lastKnownFileType = folder.assetcatalog; path = "Preview Assets.xcassets"; sourceTree = "<group>"; };
		09A1F16C27CD137C001ADED9 /* MatrixSwiftUITests.xctest */ = {isa = PBXFileReference; explicitFileType = wrapper.cfbundle; includeInIndex = 0; path = MatrixSwiftUITests.xctest; sourceTree = BUILT_PRODUCTS_DIR; };
		09A1F17027CD137C001ADED9 /* MatrixSwiftUITests.swift */ = {isa = PBXFileReference; lastKnownFileType = sourcecode.swift; path = MatrixSwiftUITests.swift; sourceTree = "<group>"; };
		09A1F17627CD137C001ADED9 /* MatrixSwiftUIUITests.xctest */ = {isa = PBXFileReference; explicitFileType = wrapper.cfbundle; includeInIndex = 0; path = MatrixSwiftUIUITests.xctest; sourceTree = BUILT_PRODUCTS_DIR; };
		09A1F17A27CD137C001ADED9 /* MatrixSwiftUIUITests.swift */ = {isa = PBXFileReference; lastKnownFileType = sourcecode.swift; path = MatrixSwiftUIUITests.swift; sourceTree = "<group>"; };
		09A1F17C27CD137C001ADED9 /* MatrixSwiftUIUITestsLaunchTests.swift */ = {isa = PBXFileReference; lastKnownFileType = sourcecode.swift; path = MatrixSwiftUIUITestsLaunchTests.swift; sourceTree = "<group>"; };
/* End PBXFileReference section */

/* Begin PBXFrameworksBuildPhase section */
		09A1F15927CD1378001ADED9 /* Frameworks */ = {
			isa = PBXFrameworksBuildPhase;
			buildActionMask = 2147483647;
			files = (
			);
			runOnlyForDeploymentPostprocessing = 0;
		};
		09A1F16927CD137C001ADED9 /* Frameworks */ = {
			isa = PBXFrameworksBuildPhase;
			buildActionMask = 2147483647;
			files = (
			);
			runOnlyForDeploymentPostprocessing = 0;
		};
		09A1F17327CD137C001ADED9 /* Frameworks */ = {
			isa = PBXFrameworksBuildPhase;
			buildActionMask = 2147483647;
			files = (
			);
			runOnlyForDeploymentPostprocessing = 0;
		};
/* End PBXFrameworksBuildPhase section */

/* Begin PBXGroup section */
		09A1F15327CD1377001ADED9 = {
			isa = PBXGroup;
			children = (
				09A1F15E27CD1378001ADED9 /* MatrixSwiftUI */,
				09A1F16F27CD137C001ADED9 /* MatrixSwiftUITests */,
				09A1F17927CD137C001ADED9 /* MatrixSwiftUIUITests */,
				09A1F15D27CD1378001ADED9 /* Products */,
			);
			sourceTree = "<group>";
		};
		09A1F15D27CD1378001ADED9 /* Products */ = {
			isa = PBXGroup;
			children = (
				09A1F15C27CD1378001ADED9 /* MatrixSwiftUI.app */,
				09A1F16C27CD137C001ADED9 /* MatrixSwiftUITests.xctest */,
				09A1F17627CD137C001ADED9 /* MatrixSwiftUIUITests.xctest */,
			);
			name = Products;
			sourceTree = "<group>";
		};
		09A1F15E27CD1378001ADED9 /* MatrixSwiftUI */ = {
			isa = PBXGroup;
			children = (
				09A1F15F27CD1378001ADED9 /* MatrixSwiftUIApp.swift */,
				09A1F16127CD1378001ADED9 /* ContentView.swift */,
				09A1F16327CD137B001ADED9 /* Assets.xcassets */,
				09A1F16527CD137B001ADED9 /* Preview Content */,
			);
			path = MatrixSwiftUI;
			sourceTree = "<group>";
		};
		09A1F16527CD137B001ADED9 /* Preview Content */ = {
			isa = PBXGroup;
			children = (
				09A1F16627CD137B001ADED9 /* Preview Assets.xcassets */,
			);
			path = "Preview Content";
			sourceTree = "<group>";
		};
		09A1F16F27CD137C001ADED9 /* MatrixSwiftUITests */ = {
			isa = PBXGroup;
			children = (
				09A1F17027CD137C001ADED9 /* MatrixSwiftUITests.swift */,
			);
			path = MatrixSwiftUITests;
			sourceTree = "<group>";
		};
		09A1F17927CD137C001ADED9 /* MatrixSwiftUIUITests */ = {
			isa = PBXGroup;
			children = (
				09A1F17A27CD137C001ADED9 /* MatrixSwiftUIUITests.swift */,
				09A1F17C27CD137C001ADED9 /* MatrixSwiftUIUITestsLaunchTests.swift */,
			);
			path = MatrixSwiftUIUITests;
			sourceTree = "<group>";
		};
/* End PBXGroup section */

/* Begin PBXNativeTarget section */
		09A1F15B27CD1378001ADED9 /* MatrixSwiftUI */ = {
			isa = PBXNativeTarget;
			buildConfigurationList = 09A1F18027CD137C001ADED9 /* Build configuration list for PBXNativeTarget "MatrixSwiftUI" */;
			buildPhases = (
				09A1F15827CD1378001ADED9 /* Sources */,
				09A1F15927CD1378001ADED9 /* Frameworks */,
				09A1F15A27CD1378001ADED9 /* Resources */,
			);
			buildRules = (
			);
			dependencies = (
			);
			name = MatrixSwiftUI;
			productName = MatrixSwiftUI;
			productReference = 09A1F15C27CD1378001ADED9 /* MatrixSwiftUI.app */;
			productType = "com.apple.product-type.application";
		};
		09A1F16B27CD137C001ADED9 /* MatrixSwiftUITests */ = {
			isa = PBXNativeTarget;
			buildConfigurationList = 09A1F18327CD137C001ADED9 /* Build configuration list for PBXNativeTarget "MatrixSwiftUITests" */;
			buildPhases = (
				09A1F16827CD137C001ADED9 /* Sources */,
				09A1F16927CD137C001ADED9 /* Frameworks */,
				09A1F16A27CD137C001ADED9 /* Resources */,
			);
			buildRules = (
			);
			dependencies = (
				09A1F16E27CD137C001ADED9 /* PBXTargetDependency */,
			);
			name = MatrixSwiftUITests;
			productName = MatrixSwiftUITests;
			productReference = 09A1F16C27CD137C001ADED9 /* MatrixSwiftUITests.xctest */;
			productType = "com.apple.product-type.bundle.unit-test";
		};
		09A1F17527CD137C001ADED9 /* MatrixSwiftUIUITests */ = {
			isa = PBXNativeTarget;
			buildConfigurationList = 09A1F18627CD137C001ADED9 /* Build configuration list for PBXNativeTarget "MatrixSwiftUIUITests" */;
			buildPhases = (
				09A1F17227CD137C001ADED9 /* Sources */,
				09A1F17327CD137C001ADED9 /* Frameworks */,
				09A1F17427CD137C001ADED9 /* Resources */,
			);
			buildRules = (
			);
			dependencies = (
				09A1F17827CD137C001ADED9 /* PBXTargetDependency */,
			);
			name = MatrixSwiftUIUITests;
			productName = MatrixSwiftUIUITests;
			productReference = 09A1F17627CD137C001ADED9 /* MatrixSwiftUIUITests.xctest */;
			productType = "com.apple.product-type.bundle.ui-testing";
		};
/* End PBXNativeTarget section */

/* Begin PBXProject section */
		09A1F15427CD1377001ADED9 /* Project object */ = {
			isa = PBXProject;
			attributes = {
				BuildIndependentTargetsInParallel = 1;
				LastSwiftUpdateCheck = 1310;
				LastUpgradeCheck = 1310;
				TargetAttributes = {
					09A1F15B27CD1378001ADED9 = {
						CreatedOnToolsVersion = 13.1;
					};
					09A1F16B27CD137C001ADED9 = {
						CreatedOnToolsVersion = 13.1;
						TestTargetID = 09A1F15B27CD1378001ADED9;
					};
					09A1F17527CD137C001ADED9 = {
						CreatedOnToolsVersion = 13.1;
						TestTargetID = 09A1F15B27CD1378001ADED9;
					};
				};
			};
			buildConfigurationList = 09A1F15727CD1377001ADED9 /* Build configuration list for PBXProject "MatrixSwiftUI" */;
			compatibilityVersion = "Xcode 13.0";
			developmentRegion = en;
			hasScannedForEncodings = 0;
			knownRegions = (
				en,
				Base,
			);
			mainGroup = 09A1F15327CD1377001ADED9;
			productRefGroup = 09A1F15D27CD1378001ADED9 /* Products */;
			projectDirPath = "";
			projectRoot = "";
			targets = (
				09A1F15B27CD1378001ADED9 /* MatrixSwiftUI */,
				09A1F16B27CD137C001ADED9 /* MatrixSwiftUITests */,
				09A1F17527CD137C001ADED9 /* MatrixSwiftUIUITests */,
			);
		};
/* End PBXProject section */

/* Begin PBXResourcesBuildPhase section */
		09A1F15A27CD1378001ADED9 /* Resources */ = {
			isa = PBXResourcesBuildPhase;
			buildActionMask = 2147483647;
			files = (
				09A1F16727CD137B001ADED9 /* Preview Assets.xcassets in Resources */,
				09A1F16427CD137B001ADED9 /* Assets.xcassets in Resources */,
			);
			runOnlyForDeploymentPostprocessing = 0;
		};
		09A1F16A27CD137C001ADED9 /* Resources */ = {
			isa = PBXResourcesBuildPhase;
			buildActionMask = 2147483647;
			files = (
			);
			runOnlyForDeploymentPostprocessing = 0;
		};
		09A1F17427CD137C001ADED9 /* Resources */ = {
			isa = PBXResourcesBuildPhase;
			buildActionMask = 2147483647;
			files = (
			);
			runOnlyForDeploymentPostprocessing = 0;
		};
/* End PBXResourcesBuildPhase section */

/* Begin PBXSourcesBuildPhase section */
		09A1F15827CD1378001ADED9 /* Sources */ = {
			isa = PBXSourcesBuildPhase;
			buildActionMask = 2147483647;
			files = (
				09A1F16227CD1378001ADED9 /* ContentView.swift in Sources */,
				09A1F16027CD1378001ADED9 /* MatrixSwiftUIApp.swift in Sources */,
			);
			runOnlyForDeploymentPostprocessing = 0;
		};
		09A1F16827CD137C001ADED9 /* Sources */ = {
			isa = PBXSourcesBuildPhase;
			buildActionMask = 2147483647;
			files = (
				09A1F17127CD137C001ADED9 /* MatrixSwiftUITests.swift in Sources */,
			);
			runOnlyForDeploymentPostprocessing = 0;
		};
		09A1F17227CD137C001ADED9 /* Sources */ = {
			isa = PBXSourcesBuildPhase;
			buildActionMask = 2147483647;
			files = (
				09A1F17B27CD137C001ADED9 /* MatrixSwiftUIUITests.swift in Sources */,
				09A1F17D27CD137C001ADED9 /* MatrixSwiftUIUITestsLaunchTests.swift in Sources */,
			);
			runOnlyForDeploymentPostprocessing = 0;
		};
/* End PBXSourcesBuildPhase section */

/* Begin PBXTargetDependency section */
		09A1F16E27CD137C001ADED9 /* PBXTargetDependency */ = {
			isa = PBXTargetDependency;
			target = 09A1F15B27CD1378001ADED9 /* MatrixSwiftUI */;
			targetProxy = 09A1F16D27CD137C001ADED9 /* PBXContainerItemProxy */;
		};
		09A1F17827CD137C001ADED9 /* PBXTargetDependency */ = {
			isa = PBXTargetDependency;
			target = 09A1F15B27CD1378001ADED9 /* MatrixSwiftUI */;
			targetProxy = 09A1F17727CD137C001ADED9 /* PBXContainerItemProxy */;
		};
/* End PBXTargetDependency section */

/* Begin XCBuildConfiguration section */
		09A1F17E27CD137C001ADED9 /* Debug */ = {
			isa = XCBuildConfiguration;
			buildSettings = {
				ALWAYS_SEARCH_USER_PATHS = NO;
				CLANG_ANALYZER_NONNULL = YES;
				CLANG_ANALYZER_NUMBER_OBJECT_CONVERSION = YES_AGGRESSIVE;
				CLANG_CXX_LANGUAGE_STANDARD = "gnu++17";
				CLANG_CXX_LIBRARY = "libc++";
				CLANG_ENABLE_MODULES = YES;
				CLANG_ENABLE_OBJC_ARC = YES;
				CLANG_ENABLE_OBJC_WEAK = YES;
				CLANG_WARN_BLOCK_CAPTURE_AUTORELEASING = YES;
				CLANG_WARN_BOOL_CONVERSION = YES;
				CLANG_WARN_COMMA = YES;
				CLANG_WARN_CONSTANT_CONVERSION = YES;
				CLANG_WARN_DEPRECATED_OBJC_IMPLEMENTATIONS = YES;
				CLANG_WARN_DIRECT_OBJC_ISA_USAGE = YES_ERROR;
				CLANG_WARN_DOCUMENTATION_COMMENTS = YES;
				CLANG_WARN_EMPTY_BODY = YES;
				CLANG_WARN_ENUM_CONVERSION = YES;
				CLANG_WARN_INFINITE_RECURSION = YES;
				CLANG_WARN_INT_CONVERSION = YES;
				CLANG_WARN_NON_LITERAL_NULL_CONVERSION = YES;
				CLANG_WARN_OBJC_IMPLICIT_RETAIN_SELF = YES;
				CLANG_WARN_OBJC_LITERAL_CONVERSION = YES;
				CLANG_WARN_OBJC_ROOT_CLASS = YES_ERROR;
				CLANG_WARN_QUOTED_INCLUDE_IN_FRAMEWORK_HEADER = YES;
				CLANG_WARN_RANGE_LOOP_ANALYSIS = YES;
				CLANG_WARN_STRICT_PROTOTYPES = YES;
				CLANG_WARN_SUSPICIOUS_MOVE = YES;
				CLANG_WARN_UNGUARDED_AVAILABILITY = YES_AGGRESSIVE;
				CLANG_WARN_UNREACHABLE_CODE = YES;
				CLANG_WARN__DUPLICATE_METHOD_MATCH = YES;
				COPY_PHASE_STRIP = NO;
				DEBUG_INFORMATION_FORMAT = dwarf;
				ENABLE_STRICT_OBJC_MSGSEND = YES;
				ENABLE_TESTABILITY = YES;
				GCC_C_LANGUAGE_STANDARD = gnu11;
				GCC_DYNAMIC_NO_PIC = NO;
				GCC_NO_COMMON_BLOCKS = YES;
				GCC_OPTIMIZATION_LEVEL = 0;
				GCC_PREPROCESSOR_DEFINITIONS = (
					"DEBUG=1",
					"$(inherited)",
				);
				GCC_WARN_64_TO_32_BIT_CONVERSION = YES;
				GCC_WARN_ABOUT_RETURN_TYPE = YES_ERROR;
				GCC_WARN_UNDECLARED_SELECTOR = YES;
				GCC_WARN_UNINITIALIZED_AUTOS = YES_AGGRESSIVE;
				GCC_WARN_UNUSED_FUNCTION = YES;
				GCC_WARN_UNUSED_VARIABLE = YES;
				IPHONEOS_DEPLOYMENT_TARGET = 15.0;
				MTL_ENABLE_DEBUG_INFO = INCLUDE_SOURCE;
				MTL_FAST_MATH = YES;
				ONLY_ACTIVE_ARCH = YES;
				SDKROOT = iphoneos;
				SWIFT_ACTIVE_COMPILATION_CONDITIONS = DEBUG;
				SWIFT_OPTIMIZATION_LEVEL = "-Onone";
			};
			name = Debug;
		};
		09A1F17F27CD137C001ADED9 /* Release */ = {
			isa = XCBuildConfiguration;
			buildSettings = {
				ALWAYS_SEARCH_USER_PATHS = NO;
				CLANG_ANALYZER_NONNULL = YES;
				CLANG_ANALYZER_NUMBER_OBJECT_CONVERSION = YES_AGGRESSIVE;
				CLANG_CXX_LANGUAGE_STANDARD = "gnu++17";
				CLANG_CXX_LIBRARY = "libc++";
				CLANG_ENABLE_MODULES = YES;
				CLANG_ENABLE_OBJC_ARC = YES;
				CLANG_ENABLE_OBJC_WEAK = YES;
				CLANG_WARN_BLOCK_CAPTURE_AUTORELEASING = YES;
				CLANG_WARN_BOOL_CONVERSION = YES;
				CLANG_WARN_COMMA = YES;
				CLANG_WARN_CONSTANT_CONVERSION = YES;
				CLANG_WARN_DEPRECATED_OBJC_IMPLEMENTATIONS = YES;
				CLANG_WARN_DIRECT_OBJC_ISA_USAGE = YES_ERROR;
				CLANG_WARN_DOCUMENTATION_COMMENTS = YES;
				CLANG_WARN_EMPTY_BODY = YES;
				CLANG_WARN_ENUM_CONVERSION = YES;
				CLANG_WARN_INFINITE_RECURSION = YES;
				CLANG_WARN_INT_CONVERSION = YES;
				CLANG_WARN_NON_LITERAL_NULL_CONVERSION = YES;
				CLANG_WARN_OBJC_IMPLICIT_RETAIN_SELF = YES;
				CLANG_WARN_OBJC_LITERAL_CONVERSION = YES;
				CLANG_WARN_OBJC_ROOT_CLASS = YES_ERROR;
				CLANG_WARN_QUOTED_INCLUDE_IN_FRAMEWORK_HEADER = YES;
				CLANG_WARN_RANGE_LOOP_ANALYSIS = YES;
				CLANG_WARN_STRICT_PROTOTYPES = YES;
				CLANG_WARN_SUSPICIOUS_MOVE = YES;
				CLANG_WARN_UNGUARDED_AVAILABILITY = YES_AGGRESSIVE;
				CLANG_WARN_UNREACHABLE_CODE = YES;
				CLANG_WARN__DUPLICATE_METHOD_MATCH = YES;
				COPY_PHASE_STRIP = NO;
				DEBUG_INFORMATION_FORMAT = "dwarf-with-dsym";
				ENABLE_NS_ASSERTIONS = NO;
				ENABLE_STRICT_OBJC_MSGSEND = YES;
				GCC_C_LANGUAGE_STANDARD = gnu11;
				GCC_NO_COMMON_BLOCKS = YES;
				GCC_WARN_64_TO_32_BIT_CONVERSION = YES;
				GCC_WARN_ABOUT_RETURN_TYPE = YES_ERROR;
				GCC_WARN_UNDECLARED_SELECTOR = YES;
				GCC_WARN_UNINITIALIZED_AUTOS = YES_AGGRESSIVE;
				GCC_WARN_UNUSED_FUNCTION = YES;
				GCC_WARN_UNUSED_VARIABLE = YES;
				IPHONEOS_DEPLOYMENT_TARGET = 15.0;
				MTL_ENABLE_DEBUG_INFO = NO;
				MTL_FAST_MATH = YES;
				SDKROOT = iphoneos;
				SWIFT_COMPILATION_MODE = wholemodule;
				SWIFT_OPTIMIZATION_LEVEL = "-O";
				VALIDATE_PRODUCT = YES;
			};
			name = Release;
		};
		09A1F18127CD137C001ADED9 /* Debug */ = {
			isa = XCBuildConfiguration;
			buildSettings = {
				ASSETCATALOG_COMPILER_APPICON_NAME = AppIcon;
				ASSETCATALOG_COMPILER_GLOBAL_ACCENT_COLOR_NAME = AccentColor;
				CODE_SIGN_STYLE = Automatic;
				CURRENT_PROJECT_VERSION = 1;
				DEVELOPMENT_ASSET_PATHS = "\"MatrixSwiftUI/Preview Content\"";
				DEVELOPMENT_TEAM = B9R854R4A6;
				ENABLE_PREVIEWS = YES;
				GENERATE_INFOPLIST_FILE = YES;
				INFOPLIST_KEY_UIApplicationSceneManifest_Generation = YES;
				INFOPLIST_KEY_UIApplicationSupportsIndirectInputEvents = YES;
				INFOPLIST_KEY_UILaunchScreen_Generation = YES;
				INFOPLIST_KEY_UISupportedInterfaceOrientations_iPad = "UIInterfaceOrientationPortrait UIInterfaceOrientationPortraitUpsideDown UIInterfaceOrientationLandscapeLeft UIInterfaceOrientationLandscapeRight";
				INFOPLIST_KEY_UISupportedInterfaceOrientations_iPhone = "UIInterfaceOrientationPortrait UIInterfaceOrientationLandscapeLeft UIInterfaceOrientationLandscapeRight";
				LD_RUNPATH_SEARCH_PATHS = (
					"$(inherited)",
					"@executable_path/Frameworks",
				);
				MARKETING_VERSION = 1.0;
				PRODUCT_BUNDLE_IDENTIFIER = home.MatrixSwiftUI;
				PRODUCT_NAME = "$(TARGET_NAME)";
				SWIFT_EMIT_LOC_STRINGS = YES;
				SWIFT_VERSION = 5.0;
				TARGETED_DEVICE_FAMILY = "1,2";
			};
			name = Debug;
		};
		09A1F18227CD137C001ADED9 /* Release */ = {
			isa = XCBuildConfiguration;
			buildSettings = {
				ASSETCATALOG_COMPILER_APPICON_NAME = AppIcon;
				ASSETCATALOG_COMPILER_GLOBAL_ACCENT_COLOR_NAME = AccentColor;
				CODE_SIGN_STYLE = Automatic;
				CURRENT_PROJECT_VERSION = 1;
				DEVELOPMENT_ASSET_PATHS = "\"MatrixSwiftUI/Preview Content\"";
				DEVELOPMENT_TEAM = B9R854R4A6;
				ENABLE_PREVIEWS = YES;
				GENERATE_INFOPLIST_FILE = YES;
				INFOPLIST_KEY_UIApplicationSceneManifest_Generation = YES;
				INFOPLIST_KEY_UIApplicationSupportsIndirectInputEvents = YES;
				INFOPLIST_KEY_UILaunchScreen_Generation = YES;
				INFOPLIST_KEY_UISupportedInterfaceOrientations_iPad = "UIInterfaceOrientationPortrait UIInterfaceOrientationPortraitUpsideDown UIInterfaceOrientationLandscapeLeft UIInterfaceOrientationLandscapeRight";
				INFOPLIST_KEY_UISupportedInterfaceOrientations_iPhone = "UIInterfaceOrientationPortrait UIInterfaceOrientationLandscapeLeft UIInterfaceOrientationLandscapeRight";
				LD_RUNPATH_SEARCH_PATHS = (
					"$(inherited)",
					"@executable_path/Frameworks",
				);
				MARKETING_VERSION = 1.0;
				PRODUCT_BUNDLE_IDENTIFIER = home.MatrixSwiftUI;
				PRODUCT_NAME = "$(TARGET_NAME)";
				SWIFT_EMIT_LOC_STRINGS = YES;
				SWIFT_VERSION = 5.0;
				TARGETED_DEVICE_FAMILY = "1,2";
			};
			name = Release;
		};
		09A1F18427CD137C001ADED9 /* Debug */ = {
			isa = XCBuildConfiguration;
			buildSettings = {
				ALWAYS_EMBED_SWIFT_STANDARD_LIBRARIES = YES;
				BUNDLE_LOADER = "$(TEST_HOST)";
				CODE_SIGN_STYLE = Automatic;
				CURRENT_PROJECT_VERSION = 1;
				DEVELOPMENT_TEAM = B9R854R4A6;
				GENERATE_INFOPLIST_FILE = YES;
				IPHONEOS_DEPLOYMENT_TARGET = 15.0;
				LD_RUNPATH_SEARCH_PATHS = (
					"$(inherited)",
					"@executable_path/Frameworks",
					"@loader_path/Frameworks",
				);
				MARKETING_VERSION = 1.0;
				PRODUCT_BUNDLE_IDENTIFIER = home.MatrixSwiftUITests;
				PRODUCT_NAME = "$(TARGET_NAME)";
				SWIFT_EMIT_LOC_STRINGS = NO;
				SWIFT_VERSION = 5.0;
				TARGETED_DEVICE_FAMILY = "1,2";
				TEST_HOST = "$(BUILT_PRODUCTS_DIR)/MatrixSwiftUI.app/MatrixSwiftUI";
			};
			name = Debug;
		};
		09A1F18527CD137C001ADED9 /* Release */ = {
			isa = XCBuildConfiguration;
			buildSettings = {
				ALWAYS_EMBED_SWIFT_STANDARD_LIBRARIES = YES;
				BUNDLE_LOADER = "$(TEST_HOST)";
				CODE_SIGN_STYLE = Automatic;
				CURRENT_PROJECT_VERSION = 1;
				DEVELOPMENT_TEAM = B9R854R4A6;
				GENERATE_INFOPLIST_FILE = YES;
				IPHONEOS_DEPLOYMENT_TARGET = 15.0;
				LD_RUNPATH_SEARCH_PATHS = (
					"$(inherited)",
					"@executable_path/Frameworks",
					"@loader_path/Frameworks",
				);
				MARKETING_VERSION = 1.0;
				PRODUCT_BUNDLE_IDENTIFIER = home.MatrixSwiftUITests;
				PRODUCT_NAME = "$(TARGET_NAME)";
				SWIFT_EMIT_LOC_STRINGS = NO;
				SWIFT_VERSION = 5.0;
				TARGETED_DEVICE_FAMILY = "1,2";
				TEST_HOST = "$(BUILT_PRODUCTS_DIR)/MatrixSwiftUI.app/MatrixSwiftUI";
			};
			name = Release;
		};
		09A1F18727CD137C001ADED9 /* Debug */ = {
			isa = XCBuildConfiguration;
			buildSettings = {
				ALWAYS_EMBED_SWIFT_STANDARD_LIBRARIES = YES;
				CODE_SIGN_STYLE = Automatic;
				CURRENT_PROJECT_VERSION = 1;
				DEVELOPMENT_TEAM = B9R854R4A6;
				GENERATE_INFOPLIST_FILE = YES;
				LD_RUNPATH_SEARCH_PATHS = (
					"$(inherited)",
					"@executable_path/Frameworks",
					"@loader_path/Frameworks",
				);
				MARKETING_VERSION = 1.0;
				PRODUCT_BUNDLE_IDENTIFIER = home.MatrixSwiftUIUITests;
				PRODUCT_NAME = "$(TARGET_NAME)";
				SWIFT_EMIT_LOC_STRINGS = NO;
				SWIFT_VERSION = 5.0;
				TARGETED_DEVICE_FAMILY = "1,2";
				TEST_TARGET_NAME = MatrixSwiftUI;
			};
			name = Debug;
		};
		09A1F18827CD137C001ADED9 /* Release */ = {
			isa = XCBuildConfiguration;
			buildSettings = {
				ALWAYS_EMBED_SWIFT_STANDARD_LIBRARIES = YES;
				CODE_SIGN_STYLE = Automatic;
				CURRENT_PROJECT_VERSION = 1;
				DEVELOPMENT_TEAM = B9R854R4A6;
				GENERATE_INFOPLIST_FILE = YES;
				LD_RUNPATH_SEARCH_PATHS = (
					"$(inherited)",
					"@executable_path/Frameworks",
					"@loader_path/Frameworks",
				);
				MARKETING_VERSION = 1.0;
				PRODUCT_BUNDLE_IDENTIFIER = home.MatrixSwiftUIUITests;
				PRODUCT_NAME = "$(TARGET_NAME)";
				SWIFT_EMIT_LOC_STRINGS = NO;
				SWIFT_VERSION = 5.0;
				TARGETED_DEVICE_FAMILY = "1,2";
				TEST_TARGET_NAME = MatrixSwiftUI;
			};
			name = Release;
		};
/* End XCBuildConfiguration section */

/* Begin XCConfigurationList section */
		09A1F15727CD1377001ADED9 /* Build configuration list for PBXProject "MatrixSwiftUI" */ = {
			isa = XCConfigurationList;
			buildConfigurations = (
				09A1F17E27CD137C001ADED9 /* Debug */,
				09A1F17F27CD137C001ADED9 /* Release */,
			);
			defaultConfigurationIsVisible = 0;
			defaultConfigurationName = Release;
		};
		09A1F18027CD137C001ADED9 /* Build configuration list for PBXNativeTarget "MatrixSwiftUI" */ = {
			isa = XCConfigurationList;
			buildConfigurations = (
				09A1F18127CD137C001ADED9 /* Debug */,
				09A1F18227CD137C001ADED9 /* Release */,
			);
			defaultConfigurationIsVisible = 0;
			defaultConfigurationName = Release;
		};
		09A1F18327CD137C001ADED9 /* Build configuration list for PBXNativeTarget "MatrixSwiftUITests" */ = {
			isa = XCConfigurationList;
			buildConfigurations = (
				09A1F18427CD137C001ADED9 /* Debug */,
				09A1F18527CD137C001ADED9 /* Release */,
			);
			defaultConfigurationIsVisible = 0;
			defaultConfigurationName = Release;
		};
		09A1F18627CD137C001ADED9 /* Build configuration list for PBXNativeTarget "MatrixSwiftUIUITests" */ = {
			isa = XCConfigurationList;
			buildConfigurations = (
				09A1F18727CD137C001ADED9 /* Debug */,
				09A1F18827CD137C001ADED9 /* Release */,
			);
			defaultConfigurationIsVisible = 0;
			defaultConfigurationName = Release;
		};
/* End XCConfigurationList section */
	};
	rootObject = 09A1F15427CD1377001ADED9 /* Project object */;
}
